// !$*UTF8*$!
{
	archiveVersion = 1;
	classes = {
	};
	objectVersion = 46;
	objects = {

/* Begin PBXBuildFile section */
		661DC3FA1CCF5D17009585C9 /* main.m in Sources */ = {isa = PBXBuildFile; fileRef = 661DC3F91CCF5D17009585C9 /* main.m */; };
		661DC3FD1CCF5D17009585C9 /* AppDelegate.m in Sources */ = {isa = PBXBuildFile; fileRef = 661DC3FC1CCF5D17009585C9 /* AppDelegate.m */; };
		661DC4001CCF5D17009585C9 /* ViewController.m in Sources */ = {isa = PBXBuildFile; fileRef = 661DC3FF1CCF5D17009585C9 /* ViewController.m */; };
		661DC4031CCF5D17009585C9 /* Main.storyboard in Resources */ = {isa = PBXBuildFile; fileRef = 661DC4011CCF5D17009585C9 /* Main.storyboard */; };
		661DC4051CCF5D17009585C9 /* Assets.xcassets in Resources */ = {isa = PBXBuildFile; fileRef = 661DC4041CCF5D17009585C9 /* Assets.xcassets */; };
		661DC4081CCF5D17009585C9 /* LaunchScreen.storyboard in Resources */ = {isa = PBXBuildFile; fileRef = 661DC4061CCF5D17009585C9 /* LaunchScreen.storyboard */; };
		661DC4131CCF5D17009585C9 /* GDDownloadExampleTests.m in Sources */ = {isa = PBXBuildFile; fileRef = 661DC4121CCF5D17009585C9 /* GDDownloadExampleTests.m */; };
		661DC41E1CCF5D17009585C9 /* GDDownloadExampleUITests.m in Sources */ = {isa = PBXBuildFile; fileRef = 661DC41D1CCF5D17009585C9 /* GDDownloadExampleUITests.m */; };
/* End PBXBuildFile section */

/* Begin PBXContainerItemProxy section */
		661DC40F1CCF5D17009585C9 /* PBXContainerItemProxy */ = {
			isa = PBXContainerItemProxy;
			containerPortal = 661DC3ED1CCF5D16009585C9 /* Project object */;
			proxyType = 1;
			remoteGlobalIDString = 661DC3F41CCF5D16009585C9;
			remoteInfo = GDDownloadExample;
		};
		661DC41A1CCF5D17009585C9 /* PBXContainerItemProxy */ = {
			isa = PBXContainerItemProxy;
			containerPortal = 661DC3ED1CCF5D16009585C9 /* Project object */;
			proxyType = 1;
			remoteGlobalIDString = 661DC3F41CCF5D16009585C9;
			remoteInfo = GDDownloadExample;
		};
/* End PBXContainerItemProxy section */

/* Begin PBXFileReference section */
		661DC3F51CCF5D16009585C9 /* GDDownloadExample.app */ = {isa = PBXFileReference; explicitFileType = wrapper.application; includeInIndex = 0; path = GDDownloadExample.app; sourceTree = BUILT_PRODUCTS_DIR; };
		661DC3F91CCF5D17009585C9 /* main.m */ = {isa = PBXFileReference; lastKnownFileType = sourcecode.c.objc; path = main.m; sourceTree = "<group>"; };
		661DC3FB1CCF5D17009585C9 /* AppDelegate.h */ = {isa = PBXFileReference; lastKnownFileType = sourcecode.c.h; path = AppDelegate.h; sourceTree = "<group>"; };
		661DC3FC1CCF5D17009585C9 /* AppDelegate.m */ = {isa = PBXFileReference; lastKnownFileType = sourcecode.c.objc; path = AppDelegate.m; sourceTree = "<group>"; };
		661DC3FE1CCF5D17009585C9 /* ViewController.h */ = {isa = PBXFileReference; lastKnownFileType = sourcecode.c.h; path = ViewController.h; sourceTree = "<group>"; };
		661DC3FF1CCF5D17009585C9 /* ViewController.m */ = {isa = PBXFileReference; lastKnownFileType = sourcecode.c.objc; path = ViewController.m; sourceTree = "<group>"; };
		661DC4021CCF5D17009585C9 /* Base */ = {isa = PBXFileReference; lastKnownFileType = file.storyboard; name = Base; path = Base.lproj/Main.storyboard; sourceTree = "<group>"; };
		661DC4041CCF5D17009585C9 /* Assets.xcassets */ = {isa = PBXFileReference; lastKnownFileType = folder.assetcatalog; path = Assets.xcassets; sourceTree = "<group>"; };
		661DC4071CCF5D17009585C9 /* Base */ = {isa = PBXFileReference; lastKnownFileType = file.storyboard; name = Base; path = Base.lproj/LaunchScreen.storyboard; sourceTree = "<group>"; };
		661DC4091CCF5D17009585C9 /* Info.plist */ = {isa = PBXFileReference; lastKnownFileType = text.plist.xml; path = Info.plist; sourceTree = "<group>"; };
		661DC40E1CCF5D17009585C9 /* GDDownloadExampleTests.xctest */ = {isa = PBXFileReference; explicitFileType = wrapper.cfbundle; includeInIndex = 0; path = GDDownloadExampleTests.xctest; sourceTree = BUILT_PRODUCTS_DIR; };
		661DC4121CCF5D17009585C9 /* GDDownloadExampleTests.m */ = {isa = PBXFileReference; lastKnownFileType = sourcecode.c.objc; path = GDDownloadExampleTests.m; sourceTree = "<group>"; };
		661DC4141CCF5D17009585C9 /* Info.plist */ = {isa = PBXFileReference; lastKnownFileType = text.plist.xml; path = Info.plist; sourceTree = "<group>"; };
		661DC4191CCF5D17009585C9 /* GDDownloadExampleUITests.xctest */ = {isa = PBXFileReference; explicitFileType = wrapper.cfbundle; includeInIndex = 0; path = GDDownloadExampleUITests.xctest; sourceTree = BUILT_PRODUCTS_DIR; };
		661DC41D1CCF5D17009585C9 /* GDDownloadExampleUITests.m */ = {isa = PBXFileReference; lastKnownFileType = sourcecode.c.objc; path = GDDownloadExampleUITests.m; sourceTree = "<group>"; };
		661DC41F1CCF5D17009585C9 /* Info.plist */ = {isa = PBXFileReference; lastKnownFileType = text.plist.xml; path = Info.plist; sourceTree = "<group>"; };
/* End PBXFileReference section */

/* Begin PBXFrameworksBuildPhase section */
		661DC3F21CCF5D16009585C9 /* Frameworks */ = {
			isa = PBXFrameworksBuildPhase;
			buildActionMask = 2147483647;
			files = (
			);
			runOnlyForDeploymentPostprocessing = 0;
		};
		661DC40B1CCF5D17009585C9 /* Frameworks */ = {
			isa = PBXFrameworksBuildPhase;
			buildActionMask = 2147483647;
			files = (
			);
			runOnlyForDeploymentPostprocessing = 0;
		};
		661DC4161CCF5D17009585C9 /* Frameworks */ = {
			isa = PBXFrameworksBuildPhase;
			buildActionMask = 2147483647;
			files = (
			);
			runOnlyForDeploymentPostprocessing = 0;
		};
/* End PBXFrameworksBuildPhase section */

/* Begin PBXGroup section */
		661DC3EC1CCF5D16009585C9 = {
			isa = PBXGroup;
			children = (
				661DC3F71CCF5D17009585C9 /* GDDownloadExample */,
				661DC4111CCF5D17009585C9 /* GDDownloadExampleTests */,
				661DC41C1CCF5D17009585C9 /* GDDownloadExampleUITests */,
				661DC3F61CCF5D16009585C9 /* Products */,
			);
			sourceTree = "<group>";
		};
		661DC3F61CCF5D16009585C9 /* Products */ = {
			isa = PBXGroup;
			children = (
				661DC3F51CCF5D16009585C9 /* GDDownloadExample.app */,
				661DC40E1CCF5D17009585C9 /* GDDownloadExampleTests.xctest */,
				661DC4191CCF5D17009585C9 /* GDDownloadExampleUITests.xctest */,
			);
			name = Products;
			sourceTree = "<group>";
		};
		661DC3F71CCF5D17009585C9 /* GDDownloadExample */ = {
			isa = PBXGroup;
			children = (
				661DC3FB1CCF5D17009585C9 /* AppDelegate.h */,
				661DC3FC1CCF5D17009585C9 /* AppDelegate.m */,
				661DC3FE1CCF5D17009585C9 /* ViewController.h */,
				661DC3FF1CCF5D17009585C9 /* ViewController.m */,
				661DC4011CCF5D17009585C9 /* Main.storyboard */,
				661DC4041CCF5D17009585C9 /* Assets.xcassets */,
				661DC4061CCF5D17009585C9 /* LaunchScreen.storyboard */,
				661DC4091CCF5D17009585C9 /* Info.plist */,
				661DC3F81CCF5D17009585C9 /* Supporting Files */,
			);
			path = GDDownloadExample;
			sourceTree = "<group>";
		};
		661DC3F81CCF5D17009585C9 /* Supporting Files */ = {
			isa = PBXGroup;
			children = (
				661DC3F91CCF5D17009585C9 /* main.m */,
			);
			name = "Supporting Files";
			sourceTree = "<group>";
		};
		661DC4111CCF5D17009585C9 /* GDDownloadExampleTests */ = {
			isa = PBXGroup;
			children = (
				661DC4121CCF5D17009585C9 /* GDDownloadExampleTests.m */,
				661DC4141CCF5D17009585C9 /* Info.plist */,
			);
			path = GDDownloadExampleTests;
			sourceTree = "<group>";
		};
		661DC41C1CCF5D17009585C9 /* GDDownloadExampleUITests */ = {
			isa = PBXGroup;
			children = (
				661DC41D1CCF5D17009585C9 /* GDDownloadExampleUITests.m */,
				661DC41F1CCF5D17009585C9 /* Info.plist */,
			);
			path = GDDownloadExampleUITests;
			sourceTree = "<group>";
		};
/* End PBXGroup section */

/* Begin PBXNativeTarget section */
		661DC3F41CCF5D16009585C9 /* GDDownloadExample */ = {
			isa = PBXNativeTarget;
			buildConfigurationList = 661DC4221CCF5D17009585C9 /* Build configuration list for PBXNativeTarget "GDDownloadExample" */;
			buildPhases = (
				661DC3F11CCF5D16009585C9 /* Sources */,
				661DC3F21CCF5D16009585C9 /* Frameworks */,
				661DC3F31CCF5D16009585C9 /* Resources */,
			);
			buildRules = (
			);
			dependencies = (
			);
			name = GDDownloadExample;
			productName = GDDownloadExample;
			productReference = 661DC3F51CCF5D16009585C9 /* GDDownloadExample.app */;
			productType = "com.apple.product-type.application";
		};
		661DC40D1CCF5D17009585C9 /* GDDownloadExampleTests */ = {
			isa = PBXNativeTarget;
			buildConfigurationList = 661DC4251CCF5D17009585C9 /* Build configuration list for PBXNativeTarget "GDDownloadExampleTests" */;
			buildPhases = (
				661DC40A1CCF5D17009585C9 /* Sources */,
				661DC40B1CCF5D17009585C9 /* Frameworks */,
				661DC40C1CCF5D17009585C9 /* Resources */,
			);
			buildRules = (
			);
			dependencies = (
				661DC4101CCF5D17009585C9 /* PBXTargetDependency */,
			);
			name = GDDownloadExampleTests;
			productName = GDDownloadExampleTests;
			productReference = 661DC40E1CCF5D17009585C9 /* GDDownloadExampleTests.xctest */;
			productType = "com.apple.product-type.bundle.unit-test";
		};
		661DC4181CCF5D17009585C9 /* GDDownloadExampleUITests */ = {
			isa = PBXNativeTarget;
			buildConfigurationList = 661DC4281CCF5D17009585C9 /* Build configuration list for PBXNativeTarget "GDDownloadExampleUITests" */;
			buildPhases = (
				661DC4151CCF5D17009585C9 /* Sources */,
				661DC4161CCF5D17009585C9 /* Frameworks */,
				661DC4171CCF5D17009585C9 /* Resources */,
			);
			buildRules = (
			);
			dependencies = (
				661DC41B1CCF5D17009585C9 /* PBXTargetDependency */,
			);
			name = GDDownloadExampleUITests;
			productName = GDDownloadExampleUITests;
			productReference = 661DC4191CCF5D17009585C9 /* GDDownloadExampleUITests.xctest */;
			productType = "com.apple.product-type.bundle.ui-testing";
		};
/* End PBXNativeTarget section */

/* Begin PBXProject section */
		661DC3ED1CCF5D16009585C9 /* Project object */ = {
			isa = PBXProject;
			attributes = {
				LastUpgradeCheck = 0730;
				ORGANIZATIONNAME = "林广德";
				TargetAttributes = {
					661DC3F41CCF5D16009585C9 = {
						CreatedOnToolsVersion = 7.3;
					};
					661DC40D1CCF5D17009585C9 = {
						CreatedOnToolsVersion = 7.3;
						TestTargetID = 661DC3F41CCF5D16009585C9;
					};
					661DC4181CCF5D17009585C9 = {
						CreatedOnToolsVersion = 7.3;
						TestTargetID = 661DC3F41CCF5D16009585C9;
					};
				};
			};
			buildConfigurationList = 661DC3F01CCF5D16009585C9 /* Build configuration list for PBXProject "GDDownloadExample" */;
			compatibilityVersion = "Xcode 3.2";
			developmentRegion = English;
			hasScannedForEncodings = 0;
			knownRegions = (
				en,
				Base,
			);
			mainGroup = 661DC3EC1CCF5D16009585C9;
			productRefGroup = 661DC3F61CCF5D16009585C9 /* Products */;
			projectDirPath = "";
			projectRoot = "";
			targets = (
				661DC3F41CCF5D16009585C9 /* GDDownloadExample */,
				661DC40D1CCF5D17009585C9 /* GDDownloadExampleTests */,
				661DC4181CCF5D17009585C9 /* GDDownloadExampleUITests */,
			);
		};
/* End PBXProject section */

/* Begin PBXResourcesBuildPhase section */
		661DC3F31CCF5D16009585C9 /* Resources */ = {
			isa = PBXResourcesBuildPhase;
			buildActionMask = 2147483647;
			files = (
				661DC4081CCF5D17009585C9 /* LaunchScreen.storyboard in Resources */,
				661DC4051CCF5D17009585C9 /* Assets.xcassets in Resources */,
				661DC4031CCF5D17009585C9 /* Main.storyboard in Resources */,
			);
			runOnlyForDeploymentPostprocessing = 0;
		};
		661DC40C1CCF5D17009585C9 /* Resources */ = {
			isa = PBXResourcesBuildPhase;
			buildActionMask = 2147483647;
			files = (
			);
			runOnlyForDeploymentPostprocessing = 0;
		};
		661DC4171CCF5D17009585C9 /* Resources */ = {
			isa = PBXResourcesBuildPhase;
			buildActionMask = 2147483647;
			files = (
			);
			runOnlyForDeploymentPostprocessing = 0;
		};
/* End PBXResourcesBuildPhase section */

/* Begin PBXSourcesBuildPhase section */
		661DC3F11CCF5D16009585C9 /* Sources */ = {
			isa = PBXSourcesBuildPhase;
			buildActionMask = 2147483647;
			files = (
				661DC4001CCF5D17009585C9 /* ViewController.m in Sources */,
				661DC3FD1CCF5D17009585C9 /* AppDelegate.m in Sources */,
				661DC3FA1CCF5D17009585C9 /* main.m in Sources */,
			);
			runOnlyForDeploymentPostprocessing = 0;
		};
		661DC40A1CCF5D17009585C9 /* Sources */ = {
			isa = PBXSourcesBuildPhase;
			buildActionMask = 2147483647;
			files = (
				661DC4131CCF5D17009585C9 /* GDDownloadExampleTests.m in Sources */,
			);
			runOnlyForDeploymentPostprocessing = 0;
		};
		661DC4151CCF5D17009585C9 /* Sources */ = {
			isa = PBXSourcesBuildPhase;
			buildActionMask = 2147483647;
			files = (
				661DC41E1CCF5D17009585C9 /* GDDownloadExampleUITests.m in Sources */,
			);
			runOnlyForDeploymentPostprocessing = 0;
		};
/* End PBXSourcesBuildPhase section */

/* Begin PBXTargetDependency section */
		661DC4101CCF5D17009585C9 /* PBXTargetDependency */ = {
			isa = PBXTargetDependency;
			target = 661DC3F41CCF5D16009585C9 /* GDDownloadExample */;
			targetProxy = 661DC40F1CCF5D17009585C9 /* PBXContainerItemProxy */;
		};
		661DC41B1CCF5D17009585C9 /* PBXTargetDependency */ = {
			isa = PBXTargetDependency;
			target = 661DC3F41CCF5D16009585C9 /* GDDownloadExample */;
			targetProxy = 661DC41A1CCF5D17009585C9 /* PBXContainerItemProxy */;
		};
/* End PBXTargetDependency section */

/* Begin PBXVariantGroup section */
		661DC4011CCF5D17009585C9 /* Main.storyboard */ = {
			isa = PBXVariantGroup;
			children = (
				661DC4021CCF5D17009585C9 /* Base */,
			);
			name = Main.storyboard;
			sourceTree = "<group>";
		};
		661DC4061CCF5D17009585C9 /* LaunchScreen.storyboard */ = {
			isa = PBXVariantGroup;
			children = (
				661DC4071CCF5D17009585C9 /* Base */,
			);
			name = LaunchScreen.storyboard;
			sourceTree = "<group>";
		};
/* End PBXVariantGroup section */

/* Begin XCBuildConfiguration section */
		661DC4201CCF5D17009585C9 /* Debug */ = {
			isa = XCBuildConfiguration;
			buildSettings = {
				ALWAYS_SEARCH_USER_PATHS = NO;
				CLANG_ANALYZER_NONNULL = YES;
				CLANG_CXX_LANGUAGE_STANDARD = "gnu++0x";
				CLANG_CXX_LIBRARY = "libc++";
				CLANG_ENABLE_MODULES = YES;
				CLANG_ENABLE_OBJC_ARC = YES;
				CLANG_WARN_BOOL_CONVERSION = YES;
				CLANG_WARN_CONSTANT_CONVERSION = YES;
				CLANG_WARN_DIRECT_OBJC_ISA_USAGE = YES_ERROR;
				CLANG_WARN_EMPTY_BODY = YES;
				CLANG_WARN_ENUM_CONVERSION = YES;
				CLANG_WARN_INT_CONVERSION = YES;
				CLANG_WARN_OBJC_ROOT_CLASS = YES_ERROR;
				CLANG_WARN_UNREACHABLE_CODE = YES;
				CLANG_WARN__DUPLICATE_METHOD_MATCH = YES;
				"CODE_SIGN_IDENTITY[sdk=iphoneos*]" = "iPhone Developer";
				COPY_PHASE_STRIP = NO;
				DEBUG_INFORMATION_FORMAT = dwarf;
				ENABLE_STRICT_OBJC_MSGSEND = YES;
				ENABLE_TESTABILITY = YES;
				GCC_C_LANGUAGE_STANDARD = gnu99;
				GCC_DYNAMIC_NO_PIC = NO;
				GCC_NO_COMMON_BLOCKS = YES;
				GCC_OPTIMIZATION_LEVEL = 0;
				GCC_PREPROCESSOR_DEFINITIONS = (
					"DEBUG=1",
					"$(inherited)",
				);
				GCC_WARN_64_TO_32_BIT_CONVERSION = YES;
				GCC_WARN_ABOUT_RETURN_TYPE = YES_ERROR;
				GCC_WARN_UNDECLARED_SELECTOR = YES;
				GCC_WARN_UNINITIALIZED_AUTOS = YES_AGGRESSIVE;
				GCC_WARN_UNUSED_FUNCTION = YES;
				GCC_WARN_UNUSED_VARIABLE = YES;
				IPHONEOS_DEPLOYMENT_TARGET = 9.3;
				MTL_ENABLE_DEBUG_INFO = YES;
				ONLY_ACTIVE_ARCH = YES;
				SDKROOT = iphoneos;
				TARGETED_DEVICE_FAMILY = "1,2";
			};
			name = Debug;
		};
		661DC4211CCF5D17009585C9 /* Release */ = {
			isa = XCBuildConfiguration;
			buildSettings = {
				ALWAYS_SEARCH_USER_PATHS = NO;
				CLANG_ANALYZER_NONNULL = YES;
				CLANG_CXX_LANGUAGE_STANDARD = "gnu++0x";
				CLANG_CXX_LIBRARY = "libc++";
				CLANG_ENABLE_MODULES = YES;
				CLANG_ENABLE_OBJC_ARC = YES;
				CLANG_WARN_BOOL_CONVERSION = YES;
				CLANG_WARN_CONSTANT_CONVERSION = YES;
				CLANG_WARN_DIRECT_OBJC_ISA_USAGE = YES_ERROR;
				CLANG_WARN_EMPTY_BODY = YES;
				CLANG_WARN_ENUM_CONVERSION = YES;
				CLANG_WARN_INT_CONVERSION = YES;
				CLANG_WARN_OBJC_ROOT_CLASS = YES_ERROR;
				CLANG_WARN_UNREACHABLE_CODE = YES;
				CLANG_WARN__DUPLICATE_METHOD_MATCH = YES;
				"CODE_SIGN_IDENTITY[sdk=iphoneos*]" = "iPhone Developer";
				COPY_PHASE_STRIP = NO;
				DEBUG_INFORMATION_FORMAT = "dwarf-with-dsym";
				ENABLE_NS_ASSERTIONS = NO;
				ENABLE_STRICT_OBJC_MSGSEND = YES;
				GCC_C_LANGUAGE_STANDARD = gnu99;
				GCC_NO_COMMON_BLOCKS = YES;
				GCC_WARN_64_TO_32_BIT_CONVERSION = YES;
				GCC_WARN_ABOUT_RETURN_TYPE = YES_ERROR;
				GCC_WARN_UNDECLARED_SELECTOR = YES;
				GCC_WARN_UNINITIALIZED_AUTOS = YES_AGGRESSIVE;
				GCC_WARN_UNUSED_FUNCTION = YES;
				GCC_WARN_UNUSED_VARIABLE = YES;
				IPHONEOS_DEPLOYMENT_TARGET = 9.3;
				MTL_ENABLE_DEBUG_INFO = NO;
				SDKROOT = iphoneos;
				TARGETED_DEVICE_FAMILY = "1,2";
				VALIDATE_PRODUCT = YES;
			};
			name = Release;
		};
		661DC4231CCF5D17009585C9 /* Debug */ = {
			isa = XCBuildConfiguration;
			buildSettings = {
				ASSETCATALOG_COMPILER_APPICON_NAME = AppIcon;
				INFOPLIST_FILE = GDDownloadExample/Info.plist;
				LD_RUNPATH_SEARCH_PATHS = "$(inherited) @executable_path/Frameworks";
				PRODUCT_BUNDLE_IDENTIFIER = com.lingd600.GDDownloadExample;
				PRODUCT_NAME = "$(TARGET_NAME)";
			};
			name = Debug;
		};
		661DC4241CCF5D17009585C9 /* Release */ = {
			isa = XCBuildConfiguration;
			buildSettings = {
				ASSETCATALOG_COMPILER_APPICON_NAME = AppIcon;
				INFOPLIST_FILE = GDDownloadExample/Info.plist;
				LD_RUNPATH_SEARCH_PATHS = "$(inherited) @executable_path/Frameworks";
				PRODUCT_BUNDLE_IDENTIFIER = com.lingd600.GDDownloadExample;
				PRODUCT_NAME = "$(TARGET_NAME)";
			};
			name = Release;
		};
		661DC4261CCF5D17009585C9 /* Debug */ = {
			isa = XCBuildConfiguration;
			buildSettings = {
				BUNDLE_LOADER = "$(TEST_HOST)";
				INFOPLIST_FILE = GDDownloadExampleTests/Info.plist;
				LD_RUNPATH_SEARCH_PATHS = "$(inherited) @executable_path/Frameworks @loader_path/Frameworks";
				PRODUCT_BUNDLE_IDENTIFIER = com.lingd600.GDDownloadExampleTests;
				PRODUCT_NAME = "$(TARGET_NAME)";
				TEST_HOST = "$(BUILT_PRODUCTS_DIR)/GDDownloadExample.app/GDDownloadExample";
			};
			name = Debug;
		};
		661DC4271CCF5D17009585C9 /* Release */ = {
			isa = XCBuildConfiguration;
			buildSettings = {
				BUNDLE_LOADER = "$(TEST_HOST)";
				INFOPLIST_FILE = GDDownloadExampleTests/Info.plist;
				LD_RUNPATH_SEARCH_PATHS = "$(inherited) @executable_path/Frameworks @loader_path/Frameworks";
				PRODUCT_BUNDLE_IDENTIFIER = com.lingd600.GDDownloadExampleTests;
				PRODUCT_NAME = "$(TARGET_NAME)";
				TEST_HOST = "$(BUILT_PRODUCTS_DIR)/GDDownloadExample.app/GDDownloadExample";
			};
			name = Release;
		};
		661DC4291CCF5D17009585C9 /* Debug */ = {
			isa = XCBuildConfiguration;
			buildSettings = {
				INFOPLIST_FILE = GDDownloadExampleUITests/Info.plist;
				LD_RUNPATH_SEARCH_PATHS = "$(inherited) @executable_path/Frameworks @loader_path/Frameworks";
				PRODUCT_BUNDLE_IDENTIFIER = com.lingd600.GDDownloadExampleUITests;
				PRODUCT_NAME = "$(TARGET_NAME)";
				TEST_TARGET_NAME = GDDownloadExample;
			};
			name = Debug;
		};
		661DC42A1CCF5D17009585C9 /* Release */ = {
			isa = XCBuildConfiguration;
			buildSettings = {
				INFOPLIST_FILE = GDDownloadExampleUITests/Info.plist;
				LD_RUNPATH_SEARCH_PATHS = "$(inherited) @executable_path/Frameworks @loader_path/Frameworks";
				PRODUCT_BUNDLE_IDENTIFIER = com.lingd600.GDDownloadExampleUITests;
				PRODUCT_NAME = "$(TARGET_NAME)";
				TEST_TARGET_NAME = GDDownloadExample;
			};
			name = Release;
		};
/* End XCBuildConfiguration section */

/* Begin XCConfigurationList section */
		661DC3F01CCF5D16009585C9 /* Build configuration list for PBXProject "GDDownloadExample" */ = {
			isa = XCConfigurationList;
			buildConfigurations = (
				661DC4201CCF5D17009585C9 /* Debug */,
				661DC4211CCF5D17009585C9 /* Release */,
			);
			defaultConfigurationIsVisible = 0;
			defaultConfigurationName = Release;
		};
		661DC4221CCF5D17009585C9 /* Build configuration list for PBXNativeTarget "GDDownloadExample" */ = {
			isa = XCConfigurationList;
			buildConfigurations = (
				661DC4231CCF5D17009585C9 /* Debug */,
				661DC4241CCF5D17009585C9 /* Release */,
			);
			defaultConfigurationIsVisible = 0;
		};
		661DC4251CCF5D17009585C9 /* Build configuration list for PBXNativeTarget "GDDownloadExampleTests" */ = {
			isa = XCConfigurationList;
			buildConfigurations = (
				661DC4261CCF5D17009585C9 /* Debug */,
				661DC4271CCF5D17009585C9 /* Release */,
			);
			defaultConfigurationIsVisible = 0;
		};
		661DC4281CCF5D17009585C9 /* Build configuration list for PBXNativeTarget "GDDownloadExampleUITests" */ = {
			isa = XCConfigurationList;
			buildConfigurations = (
				661DC4291CCF5D17009585C9 /* Debug */,
				661DC42A1CCF5D17009585C9 /* Release */,
			);
			defaultConfigurationIsVisible = 0;
		};
/* End XCConfigurationList section */
	};
	rootObject = 661DC3ED1CCF5D16009585C9 /* Project object */;
}
